
Microsoft Visual Studio Solution File, Format Version 12.00
# Visual Studio Version 17
VisualStudioVersion = 17.9.34622.214
MinimumVisualStudioVersion = 10.0.40219.1
Project("{FAE04EC0-301F-11D3-BF4B-00C04F79EFBC}") = "FirstMauiApp", "FirstMauiApp\FirstMauiApp.csproj", "{E9BBA65B-2BC5-4D43-B224-FEB7131CA9DE}"
EndProject
Global
	GlobalSection(SolutionConfigurationPlatforms) = preSolution
		Debug|Any CPU = Debug|Any CPU
		Release|Any CPU = Release|Any CPU
	EndGlobalSection
	GlobalSection(ProjectConfigurationPlatforms) = postSolution
		{E9BBA65B-2BC5-4D43-B224-FEB7131CA9DE}.Debug|Any CPU.ActiveCfg = Debug|Any CPU
		{E9BBA65B-2BC5-4D43-B224-FEB7131CA9DE}.Debug|Any CPU.Build.0 = Debug|Any CPU
		{E9BBA65B-2BC5-4D43-B224-FEB7131CA9DE}.Debug|Any CPU.Deploy.0 = Debug|Any CPU
		{E9BBA65B-2BC5-4D43-B224-FEB7131CA9DE}.Release|Any CPU.ActiveCfg = Release|Any CPU
		{E9BBA65B-2BC5-4D43-B224-FEB7131CA9DE}.Release|Any CPU.Build.0 = Release|Any CPU
		{E9BBA65B-2BC5-4D43-B224-FEB7131CA9DE}.Release|Any CPU.Deploy.0 = Release|Any CPU
	EndGlobalSection
	GlobalSection(SolutionProperties) = preSolution
		HideSolutionNode = FALSE
	EndGlobalSection
	GlobalSection(ExtensibilityGlobals) = postSolution
		SolutionGuid = {3F633B93-9D9B-435B-9B90-DD0811F58999}
	EndGlobalSection
EndGlobal
